
Microsoft Visual Studio Solution File, Format Version 12.00
# Visual Studio Version 16
VisualStudioVersion = 16.0.30621.155
MinimumVisualStudioVersion = 10.0.40219.1
Project("{9A19103F-16F7-4668-BE54-9A1E7A4F7556}") = "Lesson-DotNet-Polymorphism", "Lesson-DotNet-Polymorphism.csproj", "{F5253C94-76E0-492F-B7C5-FB216BAB5D72}"
EndProject
Global
	GlobalSection(SolutionConfigurationPlatforms) = preSolution
		Debug|Any CPU = Debug|Any CPU
		Release|Any CPU = Release|Any CPU
	EndGlobalSection
	GlobalSection(ProjectConfigurationPlatforms) = postSolution
		{F5253C94-76E0-492F-B7C5-FB216BAB5D72}.Debug|Any CPU.ActiveCfg = Debug|Any CPU
		{F5253C94-76E0-492F-B7C5-FB216BAB5D72}.Debug|Any CPU.Build.0 = Debug|Any CPU
		{F5253C94-76E0-492F-B7C5-FB216BAB5D72}.Release|Any CPU.ActiveCfg = Release|Any CPU
		{F5253C94-76E0-492F-B7C5-FB216BAB5D72}.Release|Any CPU.Build.0 = Release|Any CPU
	EndGlobalSection
	GlobalSection(SolutionProperties) = preSolution
		HideSolutionNode = FALSE
	EndGlobalSection
	GlobalSection(ExtensibilityGlobals) = postSolution
		SolutionGuid = {E7FF5229-1196-4A9C-AA59-1C7189EFE468}
	EndGlobalSection
EndGlobal
